// !$*UTF8*$!
{
	archiveVersion = 1;
	classes = {
	};
	objectVersion = 51;
	objects = {

/* Begin PBXBuildFile section */
		95395405D952485BE8F91FEB /* Pods_Dictionary01.framework in Frameworks */ = {isa = PBXBuildFile; fileRef = E2BCE90B9E016345E6FC12AE /* Pods_Dictionary01.framework */; };
		EE15B2F1259C37AC00D544D3 /* SearchTableCell.swift in Sources */ = {isa = PBXBuildFile; fileRef = EE15B2F0259C37AC00D544D3 /* SearchTableCell.swift */; };
		EE15B2F9259C3C2100D544D3 /* SearchViewModel.swift in Sources */ = {isa = PBXBuildFile; fileRef = EE15B2F8259C3C2100D544D3 /* SearchViewModel.swift */; };
		EE15B2FE259C435B00D544D3 /* DictionaryResponse.swift in Sources */ = {isa = PBXBuildFile; fileRef = EE15B2FD259C435B00D544D3 /* DictionaryResponse.swift */; };
		EE15B303259C445300D544D3 /* Observable.swift in Sources */ = {isa = PBXBuildFile; fileRef = EE15B302259C445300D544D3 /* Observable.swift */; };
		EE15B308259C48BB00D544D3 /* ViewController+Delegate.swift in Sources */ = {isa = PBXBuildFile; fileRef = EE15B307259C48BB00D544D3 /* ViewController+Delegate.swift */; };
		EE61411A259B9D920021CDE3 /* AppDelegate.swift in Sources */ = {isa = PBXBuildFile; fileRef = EE614119259B9D920021CDE3 /* AppDelegate.swift */; };
		EE61411C259B9D920021CDE3 /* SceneDelegate.swift in Sources */ = {isa = PBXBuildFile; fileRef = EE61411B259B9D920021CDE3 /* SceneDelegate.swift */; };
		EE61411E259B9D920021CDE3 /* ViewController.swift in Sources */ = {isa = PBXBuildFile; fileRef = EE61411D259B9D920021CDE3 /* ViewController.swift */; };
		EE614121259B9D920021CDE3 /* Main.storyboard in Resources */ = {isa = PBXBuildFile; fileRef = EE61411F259B9D920021CDE3 /* Main.storyboard */; };
		EE614123259B9D950021CDE3 /* Assets.xcassets in Resources */ = {isa = PBXBuildFile; fileRef = EE614122259B9D950021CDE3 /* Assets.xcassets */; };
		EE614126259B9D950021CDE3 /* LaunchScreen.storyboard in Resources */ = {isa = PBXBuildFile; fileRef = EE614124259B9D950021CDE3 /* LaunchScreen.storyboard */; };
		EE614131259B9D950021CDE3 /* Dictionary01Tests.swift in Sources */ = {isa = PBXBuildFile; fileRef = EE614130259B9D950021CDE3 /* Dictionary01Tests.swift */; };
		EE61413C259B9D950021CDE3 /* Dictionary01UITests.swift in Sources */ = {isa = PBXBuildFile; fileRef = EE61413B259B9D950021CDE3 /* Dictionary01UITests.swift */; };
		EE614159259BA66D0021CDE3 /* ViewController+UI.swift in Sources */ = {isa = PBXBuildFile; fileRef = EE614158259BA66D0021CDE3 /* ViewController+UI.swift */; };
		EEE464112612C9BA00AF4A67 /* SecretKeySet.swift in Sources */ = {isa = PBXBuildFile; fileRef = EEE464102612C9BA00AF4A67 /* SecretKeySet.swift */; };
		EEFEACC8259F4C4B00A6ADE2 /* MoreInfoTableCell.swift in Sources */ = {isa = PBXBuildFile; fileRef = EEFEACC7259F4C4B00A6ADE2 /* MoreInfoTableCell.swift */; };
/* End PBXBuildFile section */

/* Begin PBXContainerItemProxy section */
		EE61412D259B9D950021CDE3 /* PBXContainerItemProxy */ = {
			isa = PBXContainerItemProxy;
			containerPortal = EE61410E259B9D920021CDE3 /* Project object */;
			proxyType = 1;
			remoteGlobalIDString = EE614115259B9D920021CDE3;
			remoteInfo = Dictionary01;
		};
		EE614138259B9D950021CDE3 /* PBXContainerItemProxy */ = {
			isa = PBXContainerItemProxy;
			containerPortal = EE61410E259B9D920021CDE3 /* Project object */;
			proxyType = 1;
			remoteGlobalIDString = EE614115259B9D920021CDE3;
			remoteInfo = Dictionary01;
		};
/* End PBXContainerItemProxy section */

/* Begin PBXFileReference section */
		3F2C13FF000C809EE252A658 /* Pods-Dictionary01.release.xcconfig */ = {isa = PBXFileReference; includeInIndex = 1; lastKnownFileType = text.xcconfig; name = "Pods-Dictionary01.release.xcconfig"; path = "Pods/Target Support Files/Pods-Dictionary01/Pods-Dictionary01.release.xcconfig"; sourceTree = "<group>"; };
		5C34DDBA1DD0E97674575C9A /* Pods-Dictionary01.debug.xcconfig */ = {isa = PBXFileReference; includeInIndex = 1; lastKnownFileType = text.xcconfig; name = "Pods-Dictionary01.debug.xcconfig"; path = "Pods/Target Support Files/Pods-Dictionary01/Pods-Dictionary01.debug.xcconfig"; sourceTree = "<group>"; };
		E2BCE90B9E016345E6FC12AE /* Pods_Dictionary01.framework */ = {isa = PBXFileReference; explicitFileType = wrapper.framework; includeInIndex = 0; path = Pods_Dictionary01.framework; sourceTree = BUILT_PRODUCTS_DIR; };
		EE15B2F0259C37AC00D544D3 /* SearchTableCell.swift */ = {isa = PBXFileReference; lastKnownFileType = sourcecode.swift; path = SearchTableCell.swift; sourceTree = "<group>"; };
		EE15B2F8259C3C2100D544D3 /* SearchViewModel.swift */ = {isa = PBXFileReference; lastKnownFileType = sourcecode.swift; name = SearchViewModel.swift; path = Dictionary01/ViewModel/SearchViewModel.swift; sourceTree = SOURCE_ROOT; };
		EE15B2FD259C435B00D544D3 /* DictionaryResponse.swift */ = {isa = PBXFileReference; lastKnownFileType = sourcecode.swift; name = DictionaryResponse.swift; path = Dictionary01/Model/DictionaryResponse.swift; sourceTree = SOURCE_ROOT; };
		EE15B302259C445300D544D3 /* Observable.swift */ = {isa = PBXFileReference; lastKnownFileType = sourcecode.swift; name = Observable.swift; path = Dictionary01/Model/Observable.swift; sourceTree = SOURCE_ROOT; };
		EE15B307259C48BB00D544D3 /* ViewController+Delegate.swift */ = {isa = PBXFileReference; lastKnownFileType = sourcecode.swift; path = "ViewController+Delegate.swift"; sourceTree = "<group>"; };
		EE614116259B9D920021CDE3 /* Dictionary01.app */ = {isa = PBXFileReference; explicitFileType = wrapper.application; includeInIndex = 0; path = Dictionary01.app; sourceTree = BUILT_PRODUCTS_DIR; };
		EE614119259B9D920021CDE3 /* AppDelegate.swift */ = {isa = PBXFileReference; lastKnownFileType = sourcecode.swift; path = AppDelegate.swift; sourceTree = "<group>"; };
		EE61411B259B9D920021CDE3 /* SceneDelegate.swift */ = {isa = PBXFileReference; lastKnownFileType = sourcecode.swift; path = SceneDelegate.swift; sourceTree = "<group>"; };
		EE61411D259B9D920021CDE3 /* ViewController.swift */ = {isa = PBXFileReference; lastKnownFileType = sourcecode.swift; path = ViewController.swift; sourceTree = "<group>"; };
		EE614120259B9D920021CDE3 /* Base */ = {isa = PBXFileReference; lastKnownFileType = file.storyboard; name = Base; path = Base.lproj/Main.storyboard; sourceTree = "<group>"; };
		EE614122259B9D950021CDE3 /* Assets.xcassets */ = {isa = PBXFileReference; lastKnownFileType = folder.assetcatalog; path = Assets.xcassets; sourceTree = "<group>"; };
		EE614125259B9D950021CDE3 /* Base */ = {isa = PBXFileReference; lastKnownFileType = file.storyboard; name = Base; path = Base.lproj/LaunchScreen.storyboard; sourceTree = "<group>"; };
		EE614127259B9D950021CDE3 /* Info.plist */ = {isa = PBXFileReference; lastKnownFileType = text.plist.xml; path = Info.plist; sourceTree = "<group>"; };
		EE61412C259B9D950021CDE3 /* Dictionary01Tests.xctest */ = {isa = PBXFileReference; explicitFileType = wrapper.cfbundle; includeInIndex = 0; path = Dictionary01Tests.xctest; sourceTree = BUILT_PRODUCTS_DIR; };
		EE614130259B9D950021CDE3 /* Dictionary01Tests.swift */ = {isa = PBXFileReference; lastKnownFileType = sourcecode.swift; path = Dictionary01Tests.swift; sourceTree = "<group>"; };
		EE614132259B9D950021CDE3 /* Info.plist */ = {isa = PBXFileReference; lastKnownFileType = text.plist.xml; path = Info.plist; sourceTree = "<group>"; };
		EE614137259B9D950021CDE3 /* Dictionary01UITests.xctest */ = {isa = PBXFileReference; explicitFileType = wrapper.cfbundle; includeInIndex = 0; path = Dictionary01UITests.xctest; sourceTree = BUILT_PRODUCTS_DIR; };
		EE61413B259B9D950021CDE3 /* Dictionary01UITests.swift */ = {isa = PBXFileReference; lastKnownFileType = sourcecode.swift; path = Dictionary01UITests.swift; sourceTree = "<group>"; };
		EE61413D259B9D950021CDE3 /* Info.plist */ = {isa = PBXFileReference; lastKnownFileType = text.plist.xml; path = Info.plist; sourceTree = "<group>"; };
		EE614158259BA66D0021CDE3 /* ViewController+UI.swift */ = {isa = PBXFileReference; lastKnownFileType = sourcecode.swift; path = "ViewController+UI.swift"; sourceTree = "<group>"; };
		EEE464102612C9BA00AF4A67 /* SecretKeySet.swift */ = {isa = PBXFileReference; lastKnownFileType = sourcecode.swift; path = SecretKeySet.swift; sourceTree = "<group>"; };
		EEFEACC7259F4C4B00A6ADE2 /* MoreInfoTableCell.swift */ = {isa = PBXFileReference; lastKnownFileType = sourcecode.swift; path = MoreInfoTableCell.swift; sourceTree = "<group>"; };
/* End PBXFileReference section */

/* Begin PBXFrameworksBuildPhase section */
		EE614113259B9D920021CDE3 /* Frameworks */ = {
			isa = PBXFrameworksBuildPhase;
			buildActionMask = 2147483647;
			files = (
				95395405D952485BE8F91FEB /* Pods_Dictionary01.framework in Frameworks */,
			);
			runOnlyForDeploymentPostprocessing = 0;
		};
		EE614129259B9D950021CDE3 /* Frameworks */ = {
			isa = PBXFrameworksBuildPhase;
			buildActionMask = 2147483647;
			files = (
			);
			runOnlyForDeploymentPostprocessing = 0;
		};
		EE614134259B9D950021CDE3 /* Frameworks */ = {
			isa = PBXFrameworksBuildPhase;
			buildActionMask = 2147483647;
			files = (
			);
			runOnlyForDeploymentPostprocessing = 0;
		};
/* End PBXFrameworksBuildPhase section */

/* Begin PBXGroup section */
		7351C91D5F1D5C217F9B5AFA /* Frameworks */ = {
			isa = PBXGroup;
			children = (
				E2BCE90B9E016345E6FC12AE /* Pods_Dictionary01.framework */,
			);
			name = Frameworks;
			sourceTree = "<group>";
		};
		AA6CA11342059A9452FDE410 /* Pods */ = {
			isa = PBXGroup;
			children = (
				5C34DDBA1DD0E97674575C9A /* Pods-Dictionary01.debug.xcconfig */,
				3F2C13FF000C809EE252A658 /* Pods-Dictionary01.release.xcconfig */,
			);
			name = Pods;
			sourceTree = "<group>";
		};
		EE15B2EF259C379500D544D3 /* Cells */ = {
			isa = PBXGroup;
			children = (
				EE15B2F0259C37AC00D544D3 /* SearchTableCell.swift */,
				EEFEACC7259F4C4B00A6ADE2 /* MoreInfoTableCell.swift */,
			);
			path = Cells;
			sourceTree = "<group>";
		};
		EE61410D259B9D920021CDE3 = {
			isa = PBXGroup;
			children = (
				EE614118259B9D920021CDE3 /* Dictionary01 */,
				EE61412F259B9D950021CDE3 /* Dictionary01Tests */,
				EE61413A259B9D950021CDE3 /* Dictionary01UITests */,
				EE614117259B9D920021CDE3 /* Products */,
				AA6CA11342059A9452FDE410 /* Pods */,
				7351C91D5F1D5C217F9B5AFA /* Frameworks */,
			);
			sourceTree = "<group>";
		};
		EE614117259B9D920021CDE3 /* Products */ = {
			isa = PBXGroup;
			children = (
				EE614116259B9D920021CDE3 /* Dictionary01.app */,
				EE61412C259B9D950021CDE3 /* Dictionary01Tests.xctest */,
				EE614137259B9D950021CDE3 /* Dictionary01UITests.xctest */,
			);
			name = Products;
			sourceTree = "<group>";
		};
		EE614118259B9D920021CDE3 /* Dictionary01 */ = {
			isa = PBXGroup;
			children = (
				EEE464102612C9BA00AF4A67 /* SecretKeySet.swift */,
				EE61416F259BA78B0021CDE3 /* Model */,
				EE61416E259BA7820021CDE3 /* ViewModel */,
				EE61414C259BA5930021CDE3 /* View */,
				EE614119259B9D920021CDE3 /* AppDelegate.swift */,
				EE61411B259B9D920021CDE3 /* SceneDelegate.swift */,
				EE61411F259B9D920021CDE3 /* Main.storyboard */,
				EE614122259B9D950021CDE3 /* Assets.xcassets */,
				EE614124259B9D950021CDE3 /* LaunchScreen.storyboard */,
				EE614127259B9D950021CDE3 /* Info.plist */,
			);
			path = Dictionary01;
			sourceTree = "<group>";
		};
		EE61412F259B9D950021CDE3 /* Dictionary01Tests */ = {
			isa = PBXGroup;
			children = (
				EE614130259B9D950021CDE3 /* Dictionary01Tests.swift */,
				EE614132259B9D950021CDE3 /* Info.plist */,
			);
			path = Dictionary01Tests;
			sourceTree = "<group>";
		};
		EE61413A259B9D950021CDE3 /* Dictionary01UITests */ = {
			isa = PBXGroup;
			children = (
				EE61413B259B9D950021CDE3 /* Dictionary01UITests.swift */,
				EE61413D259B9D950021CDE3 /* Info.plist */,
			);
			path = Dictionary01UITests;
			sourceTree = "<group>";
		};
		EE61414C259BA5930021CDE3 /* View */ = {
			isa = PBXGroup;
			children = (
				EE15B2EF259C379500D544D3 /* Cells */,
				EE61411D259B9D920021CDE3 /* ViewController.swift */,
				EE614158259BA66D0021CDE3 /* ViewController+UI.swift */,
				EE15B307259C48BB00D544D3 /* ViewController+Delegate.swift */,
			);
			path = View;
			sourceTree = "<group>";
		};
		EE61416E259BA7820021CDE3 /* ViewModel */ = {
			isa = PBXGroup;
			children = (
				EE15B2F8259C3C2100D544D3 /* SearchViewModel.swift */,
			);
			path = ViewModel;
			sourceTree = "<group>";
		};
		EE61416F259BA78B0021CDE3 /* Model */ = {
			isa = PBXGroup;
			children = (
				EE15B2FD259C435B00D544D3 /* DictionaryResponse.swift */,
				EE15B302259C445300D544D3 /* Observable.swift */,
			);
			path = Model;
			sourceTree = "<group>";
		};
/* End PBXGroup section */

/* Begin PBXNativeTarget section */
		EE614115259B9D920021CDE3 /* Dictionary01 */ = {
			isa = PBXNativeTarget;
			buildConfigurationList = EE614140259B9D950021CDE3 /* Build configuration list for PBXNativeTarget "Dictionary01" */;
			buildPhases = (
				D2FDF54C60BA29E8582F1109 /* [CP] Check Pods Manifest.lock */,
				D9D1954DB6C358A4E93340E2 /* 📦 Check Pods Manifest.lock */,
				EE614112259B9D920021CDE3 /* Sources */,
				EE614113259B9D920021CDE3 /* Frameworks */,
				EE614114259B9D920021CDE3 /* Resources */,
				FBD3864643655232BD5D72D0 /* 📦 Embed Pods Frameworks */,
				6CF19E5375B278BBB0E3EFC6 /* [CP] Embed Pods Frameworks */,
			);
			buildRules = (
			);
			dependencies = (
			);
			name = Dictionary01;
			productName = Dictionary01;
			productReference = EE614116259B9D920021CDE3 /* Dictionary01.app */;
			productType = "com.apple.product-type.application";
		};
		EE61412B259B9D950021CDE3 /* Dictionary01Tests */ = {
			isa = PBXNativeTarget;
			buildConfigurationList = EE614143259B9D950021CDE3 /* Build configuration list for PBXNativeTarget "Dictionary01Tests" */;
			buildPhases = (
				EE614128259B9D950021CDE3 /* Sources */,
				EE614129259B9D950021CDE3 /* Frameworks */,
				EE61412A259B9D950021CDE3 /* Resources */,
			);
			buildRules = (
			);
			dependencies = (
				EE61412E259B9D950021CDE3 /* PBXTargetDependency */,
			);
			name = Dictionary01Tests;
			productName = Dictionary01Tests;
			productReference = EE61412C259B9D950021CDE3 /* Dictionary01Tests.xctest */;
			productType = "com.apple.product-type.bundle.unit-test";
		};
		EE614136259B9D950021CDE3 /* Dictionary01UITests */ = {
			isa = PBXNativeTarget;
			buildConfigurationList = EE614146259B9D950021CDE3 /* Build configuration list for PBXNativeTarget "Dictionary01UITests" */;
			buildPhases = (
				EE614133259B9D950021CDE3 /* Sources */,
				EE614134259B9D950021CDE3 /* Frameworks */,
				EE614135259B9D950021CDE3 /* Resources */,
			);
			buildRules = (
			);
			dependencies = (
				EE614139259B9D950021CDE3 /* PBXTargetDependency */,
			);
			name = Dictionary01UITests;
			productName = Dictionary01UITests;
			productReference = EE614137259B9D950021CDE3 /* Dictionary01UITests.xctest */;
			productType = "com.apple.product-type.bundle.ui-testing";
		};
/* End PBXNativeTarget section */

/* Begin PBXProject section */
		EE61410E259B9D920021CDE3 /* Project object */ = {
			isa = PBXProject;
			attributes = {
				LastSwiftUpdateCheck = 1230;
				LastUpgradeCheck = 1230;
				TargetAttributes = {
					EE614115259B9D920021CDE3 = {
						CreatedOnToolsVersion = 12.3;
					};
					EE61412B259B9D950021CDE3 = {
						CreatedOnToolsVersion = 12.3;
						TestTargetID = EE614115259B9D920021CDE3;
					};
					EE614136259B9D950021CDE3 = {
						CreatedOnToolsVersion = 12.3;
						TestTargetID = EE614115259B9D920021CDE3;
					};
				};
			};
			buildConfigurationList = EE614111259B9D920021CDE3 /* Build configuration list for PBXProject "Dictionary01" */;
			compatibilityVersion = "Xcode 9.3";
			developmentRegion = en;
			hasScannedForEncodings = 0;
			knownRegions = (
				en,
				Base,
			);
			mainGroup = EE61410D259B9D920021CDE3;
			productRefGroup = EE614117259B9D920021CDE3 /* Products */;
			projectDirPath = "";
			projectRoot = "";
			targets = (
				EE614115259B9D920021CDE3 /* Dictionary01 */,
				EE61412B259B9D950021CDE3 /* Dictionary01Tests */,
				EE614136259B9D950021CDE3 /* Dictionary01UITests */,
			);
		};
/* End PBXProject section */

/* Begin PBXResourcesBuildPhase section */
		EE614114259B9D920021CDE3 /* Resources */ = {
			isa = PBXResourcesBuildPhase;
			buildActionMask = 2147483647;
			files = (
				EE614126259B9D950021CDE3 /* LaunchScreen.storyboard in Resources */,
				EE614123259B9D950021CDE3 /* Assets.xcassets in Resources */,
				EE614121259B9D920021CDE3 /* Main.storyboard in Resources */,
			);
			runOnlyForDeploymentPostprocessing = 0;
		};
		EE61412A259B9D950021CDE3 /* Resources */ = {
			isa = PBXResourcesBuildPhase;
			buildActionMask = 2147483647;
			files = (
			);
			runOnlyForDeploymentPostprocessing = 0;
		};
		EE614135259B9D950021CDE3 /* Resources */ = {
			isa = PBXResourcesBuildPhase;
			buildActionMask = 2147483647;
			files = (
			);
			runOnlyForDeploymentPostprocessing = 0;
		};
/* End PBXResourcesBuildPhase section */

/* Begin PBXShellScriptBuildPhase section */
		6CF19E5375B278BBB0E3EFC6 /* [CP] Embed Pods Frameworks */ = {
			isa = PBXShellScriptBuildPhase;
			buildActionMask = 2147483647;
			files = (
			);
			inputFileListPaths = (
				"${PODS_ROOT}/Target Support Files/Pods-Dictionary01/Pods-Dictionary01-frameworks-${CONFIGURATION}-input-files.xcfilelist",
			);
			name = "[CP] Embed Pods Frameworks";
			outputFileListPaths = (
				"${PODS_ROOT}/Target Support Files/Pods-Dictionary01/Pods-Dictionary01-frameworks-${CONFIGURATION}-output-files.xcfilelist",
			);
			runOnlyForDeploymentPostprocessing = 0;
			shellPath = /bin/sh;
			shellScript = "\"${PODS_ROOT}/Target Support Files/Pods-Dictionary01/Pods-Dictionary01-frameworks.sh\"\n";
			showEnvVarsInLog = 0;
		};
		D2FDF54C60BA29E8582F1109 /* [CP] Check Pods Manifest.lock */ = {
			isa = PBXShellScriptBuildPhase;
			buildActionMask = 2147483647;
			files = (
			);
			inputFileListPaths = (
			);
			inputPaths = (
				"${PODS_PODFILE_DIR_PATH}/Podfile.lock",
				"${PODS_ROOT}/Manifest.lock",
			);
			name = "[CP] Check Pods Manifest.lock";
			outputFileListPaths = (
			);
			outputPaths = (
				"$(DERIVED_FILE_DIR)/Pods-Dictionary01-checkManifestLockResult.txt",
			);
			runOnlyForDeploymentPostprocessing = 0;
			shellPath = /bin/sh;
			shellScript = "diff \"${PODS_PODFILE_DIR_PATH}/Podfile.lock\" \"${PODS_ROOT}/Manifest.lock\" > /dev/null\nif [ $? != 0 ] ; then\n    # print error to STDERR\n    echo \"error: The sandbox is not in sync with the Podfile.lock. Run 'pod install' or update your CocoaPods installation.\" >&2\n    exit 1\nfi\n# This output is used by Xcode 'outputs' to avoid re-running this script phase.\necho \"SUCCESS\" > \"${SCRIPT_OUTPUT_FILE_0}\"\n";
			showEnvVarsInLog = 0;
		};
		D9D1954DB6C358A4E93340E2 /* 📦 Check Pods Manifest.lock */ = {
			isa = PBXShellScriptBuildPhase;
			buildActionMask = 2147483647;
			files = (
			);
			inputFileListPaths = (
			);
			inputPaths = (
			);
			name = "📦 Check Pods Manifest.lock";
			outputFileListPaths = (
			);
			outputPaths = (
			);
			runOnlyForDeploymentPostprocessing = 0;
			shellPath = /bin/sh;
			shellScript = "diff \"${PODS_ROOT}/../Podfile.lock\" \"${PODS_ROOT}/Manifest.lock\" > /dev/null\nif [[ $? != 0 ]] ; then\n    cat << EOM\nerror: The sandbox is not in sync with the Podfile.lock. Run 'pod install' or update your CocoaPods installation.\nEOM\n    exit 1\nfi\n";
			showEnvVarsInLog = 0;
		};
		FBD3864643655232BD5D72D0 /* 📦 Embed Pods Frameworks */ = {
			isa = PBXShellScriptBuildPhase;
			buildActionMask = 2147483647;
			files = (
			);
			inputFileListPaths = (
			);
			inputPaths = (
			);
			name = "📦 Embed Pods Frameworks";
			outputFileListPaths = (
			);
			outputPaths = (
			);
			runOnlyForDeploymentPostprocessing = 0;
			shellPath = /bin/sh;
			shellScript = "\"${SRCROOT}/Pods/Target Support Files/Pods-Dictionary01/Pods-Dictionary01-frameworks.sh\"\n";
			showEnvVarsInLog = 0;
		};
/* End PBXShellScriptBuildPhase section */

/* Begin PBXSourcesBuildPhase section */
		EE614112259B9D920021CDE3 /* Sources */ = {
			isa = PBXSourcesBuildPhase;
			buildActionMask = 2147483647;
			files = (
				EE15B303259C445300D544D3 /* Observable.swift in Sources */,
				EEFEACC8259F4C4B00A6ADE2 /* MoreInfoTableCell.swift in Sources */,
				EE15B308259C48BB00D544D3 /* ViewController+Delegate.swift in Sources */,
				EE15B2F9259C3C2100D544D3 /* SearchViewModel.swift in Sources */,
				EE61411E259B9D920021CDE3 /* ViewController.swift in Sources */,
				EEE464112612C9BA00AF4A67 /* SecretKeySet.swift in Sources */,
				EE61411A259B9D920021CDE3 /* AppDelegate.swift in Sources */,
				EE15B2F1259C37AC00D544D3 /* SearchTableCell.swift in Sources */,
				EE614159259BA66D0021CDE3 /* ViewController+UI.swift in Sources */,
				EE61411C259B9D920021CDE3 /* SceneDelegate.swift in Sources */,
				EE15B2FE259C435B00D544D3 /* DictionaryResponse.swift in Sources */,
			);
			runOnlyForDeploymentPostprocessing = 0;
		};
		EE614128259B9D950021CDE3 /* Sources */ = {
			isa = PBXSourcesBuildPhase;
			buildActionMask = 2147483647;
			files = (
				EE614131259B9D950021CDE3 /* Dictionary01Tests.swift in Sources */,
			);
			runOnlyForDeploymentPostprocessing = 0;
		};
		EE614133259B9D950021CDE3 /* Sources */ = {
			isa = PBXSourcesBuildPhase;
			buildActionMask = 2147483647;
			files = (
				EE61413C259B9D950021CDE3 /* Dictionary01UITests.swift in Sources */,
			);
			runOnlyForDeploymentPostprocessing = 0;
		};
/* End PBXSourcesBuildPhase section */

/* Begin PBXTargetDependency section */
		EE61412E259B9D950021CDE3 /* PBXTargetDependency */ = {
			isa = PBXTargetDependency;
			target = EE614115259B9D920021CDE3 /* Dictionary01 */;
			targetProxy = EE61412D259B9D950021CDE3 /* PBXContainerItemProxy */;
		};
		EE614139259B9D950021CDE3 /* PBXTargetDependency */ = {
			isa = PBXTargetDependency;
			target = EE614115259B9D920021CDE3 /* Dictionary01 */;
			targetProxy = EE614138259B9D950021CDE3 /* PBXContainerItemProxy */;
		};
/* End PBXTargetDependency section */

/* Begin PBXVariantGroup section */
		EE61411F259B9D920021CDE3 /* Main.storyboard */ = {
			isa = PBXVariantGroup;
			children = (
				EE614120259B9D920021CDE3 /* Base */,
			);
			name = Main.storyboard;
			sourceTree = "<group>";
		};
		EE614124259B9D950021CDE3 /* LaunchScreen.storyboard */ = {
			isa = PBXVariantGroup;
			children = (
				EE614125259B9D950021CDE3 /* Base */,
			);
			name = LaunchScreen.storyboard;
			sourceTree = "<group>";
		};
/* End PBXVariantGroup section */

/* Begin XCBuildConfiguration section */
		EE61413E259B9D950021CDE3 /* Debug */ = {
			isa = XCBuildConfiguration;
			buildSettings = {
				ALWAYS_SEARCH_USER_PATHS = NO;
				CLANG_ANALYZER_NONNULL = YES;
				CLANG_ANALYZER_NUMBER_OBJECT_CONVERSION = YES_AGGRESSIVE;
				CLANG_CXX_LANGUAGE_STANDARD = "gnu++14";
				CLANG_CXX_LIBRARY = "libc++";
				CLANG_ENABLE_MODULES = YES;
				CLANG_ENABLE_OBJC_ARC = YES;
				CLANG_ENABLE_OBJC_WEAK = YES;
				CLANG_WARN_BLOCK_CAPTURE_AUTORELEASING = YES;
				CLANG_WARN_BOOL_CONVERSION = YES;
				CLANG_WARN_COMMA = YES;
				CLANG_WARN_CONSTANT_CONVERSION = YES;
				CLANG_WARN_DEPRECATED_OBJC_IMPLEMENTATIONS = YES;
				CLANG_WARN_DIRECT_OBJC_ISA_USAGE = YES_ERROR;
				CLANG_WARN_DOCUMENTATION_COMMENTS = YES;
				CLANG_WARN_EMPTY_BODY = YES;
				CLANG_WARN_ENUM_CONVERSION = YES;
				CLANG_WARN_INFINITE_RECURSION = YES;
				CLANG_WARN_INT_CONVERSION = YES;
				CLANG_WARN_NON_LITERAL_NULL_CONVERSION = YES;
				CLANG_WARN_OBJC_IMPLICIT_RETAIN_SELF = YES;
				CLANG_WARN_OBJC_LITERAL_CONVERSION = YES;
				CLANG_WARN_OBJC_ROOT_CLASS = YES_ERROR;
				CLANG_WARN_QUOTED_INCLUDE_IN_FRAMEWORK_HEADER = YES;
				CLANG_WARN_RANGE_LOOP_ANALYSIS = YES;
				CLANG_WARN_STRICT_PROTOTYPES = YES;
				CLANG_WARN_SUSPICIOUS_MOVE = YES;
				CLANG_WARN_UNGUARDED_AVAILABILITY = YES_AGGRESSIVE;
				CLANG_WARN_UNREACHABLE_CODE = YES;
				CLANG_WARN__DUPLICATE_METHOD_MATCH = YES;
				COPY_PHASE_STRIP = NO;
				DEBUG_INFORMATION_FORMAT = dwarf;
				ENABLE_STRICT_OBJC_MSGSEND = YES;
				ENABLE_TESTABILITY = YES;
				GCC_C_LANGUAGE_STANDARD = gnu11;
				GCC_DYNAMIC_NO_PIC = NO;
				GCC_NO_COMMON_BLOCKS = YES;
				GCC_OPTIMIZATION_LEVEL = 0;
				GCC_PREPROCESSOR_DEFINITIONS = (
					"DEBUG=1",
					"$(inherited)",
				);
				GCC_WARN_64_TO_32_BIT_CONVERSION = YES;
				GCC_WARN_ABOUT_RETURN_TYPE = YES_ERROR;
				GCC_WARN_UNDECLARED_SELECTOR = YES;
				GCC_WARN_UNINITIALIZED_AUTOS = YES_AGGRESSIVE;
				GCC_WARN_UNUSED_FUNCTION = YES;
				GCC_WARN_UNUSED_VARIABLE = YES;
				IPHONEOS_DEPLOYMENT_TARGET = 14.3;
				MTL_ENABLE_DEBUG_INFO = INCLUDE_SOURCE;
				MTL_FAST_MATH = YES;
				ONLY_ACTIVE_ARCH = YES;
				SDKROOT = iphoneos;
				SWIFT_ACTIVE_COMPILATION_CONDITIONS = DEBUG;
				SWIFT_OPTIMIZATION_LEVEL = "-Onone";
			};
			name = Debug;
		};
		EE61413F259B9D950021CDE3 /* Release */ = {
			isa = XCBuildConfiguration;
			buildSettings = {
				ALWAYS_SEARCH_USER_PATHS = NO;
				CLANG_ANALYZER_NONNULL = YES;
				CLANG_ANALYZER_NUMBER_OBJECT_CONVERSION = YES_AGGRESSIVE;
				CLANG_CXX_LANGUAGE_STANDARD = "gnu++14";
				CLANG_CXX_LIBRARY = "libc++";
				CLANG_ENABLE_MODULES = YES;
				CLANG_ENABLE_OBJC_ARC = YES;
				CLANG_ENABLE_OBJC_WEAK = YES;
				CLANG_WARN_BLOCK_CAPTURE_AUTORELEASING = YES;
				CLANG_WARN_BOOL_CONVERSION = YES;
				CLANG_WARN_COMMA = YES;
				CLANG_WARN_CONSTANT_CONVERSION = YES;
				CLANG_WARN_DEPRECATED_OBJC_IMPLEMENTATIONS = YES;
				CLANG_WARN_DIRECT_OBJC_ISA_USAGE = YES_ERROR;
				CLANG_WARN_DOCUMENTATION_COMMENTS = YES;
				CLANG_WARN_EMPTY_BODY = YES;
				CLANG_WARN_ENUM_CONVERSION = YES;
				CLANG_WARN_INFINITE_RECURSION = YES;
				CLANG_WARN_INT_CONVERSION = YES;
				CLANG_WARN_NON_LITERAL_NULL_CONVERSION = YES;
				CLANG_WARN_OBJC_IMPLICIT_RETAIN_SELF = YES;
				CLANG_WARN_OBJC_LITERAL_CONVERSION = YES;
				CLANG_WARN_OBJC_ROOT_CLASS = YES_ERROR;
				CLANG_WARN_QUOTED_INCLUDE_IN_FRAMEWORK_HEADER = YES;
				CLANG_WARN_RANGE_LOOP_ANALYSIS = YES;
				CLANG_WARN_STRICT_PROTOTYPES = YES;
				CLANG_WARN_SUSPICIOUS_MOVE = YES;
				CLANG_WARN_UNGUARDED_AVAILABILITY = YES_AGGRESSIVE;
				CLANG_WARN_UNREACHABLE_CODE = YES;
				CLANG_WARN__DUPLICATE_METHOD_MATCH = YES;
				COPY_PHASE_STRIP = NO;
				DEBUG_INFORMATION_FORMAT = "dwarf-with-dsym";
				ENABLE_NS_ASSERTIONS = NO;
				ENABLE_STRICT_OBJC_MSGSEND = YES;
				GCC_C_LANGUAGE_STANDARD = gnu11;
				GCC_NO_COMMON_BLOCKS = YES;
				GCC_WARN_64_TO_32_BIT_CONVERSION = YES;
				GCC_WARN_ABOUT_RETURN_TYPE = YES_ERROR;
				GCC_WARN_UNDECLARED_SELECTOR = YES;
				GCC_WARN_UNINITIALIZED_AUTOS = YES_AGGRESSIVE;
				GCC_WARN_UNUSED_FUNCTION = YES;
				GCC_WARN_UNUSED_VARIABLE = YES;
				IPHONEOS_DEPLOYMENT_TARGET = 14.3;
				MTL_ENABLE_DEBUG_INFO = NO;
				MTL_FAST_MATH = YES;
				SDKROOT = iphoneos;
				SWIFT_COMPILATION_MODE = wholemodule;
				SWIFT_OPTIMIZATION_LEVEL = "-O";
				VALIDATE_PRODUCT = YES;
			};
			name = Release;
		};
		EE614141259B9D950021CDE3 /* Debug */ = {
			isa = XCBuildConfiguration;
			baseConfigurationReference = 5C34DDBA1DD0E97674575C9A /* Pods-Dictionary01.debug.xcconfig */;
			buildSettings = {
				ASSETCATALOG_COMPILER_APPICON_NAME = AppIcon;
				ASSETCATALOG_COMPILER_GLOBAL_ACCENT_COLOR_NAME = AccentColor;
				CODE_SIGN_STYLE = Automatic;
				DEVELOPMENT_TEAM = R7G2ZY32W4;
				INFOPLIST_FILE = Dictionary01/Info.plist;
				LD_RUNPATH_SEARCH_PATHS = (
					"$(inherited)",
					"@executable_path/Frameworks",
				);
				PRODUCT_BUNDLE_IDENTIFIER = com.khb.Dictionary01;
				PRODUCT_NAME = "$(TARGET_NAME)";
				SWIFT_VERSION = 5.0;
				TARGETED_DEVICE_FAMILY = "1,2";
			};
			name = Debug;
		};
		EE614142259B9D950021CDE3 /* Release */ = {
			isa = XCBuildConfiguration;
			baseConfigurationReference = 3F2C13FF000C809EE252A658 /* Pods-Dictionary01.release.xcconfig */;
			buildSettings = {
				ASSETCATALOG_COMPILER_APPICON_NAME = AppIcon;
				ASSETCATALOG_COMPILER_GLOBAL_ACCENT_COLOR_NAME = AccentColor;
				CODE_SIGN_STYLE = Automatic;
				DEVELOPMENT_TEAM = R7G2ZY32W4;
				INFOPLIST_FILE = Dictionary01/Info.plist;
				LD_RUNPATH_SEARCH_PATHS = (
					"$(inherited)",
					"@executable_path/Frameworks",
				);
				PRODUCT_BUNDLE_IDENTIFIER = com.khb.Dictionary01;
				PRODUCT_NAME = "$(TARGET_NAME)";
				SWIFT_VERSION = 5.0;
				TARGETED_DEVICE_FAMILY = "1,2";
			};
			name = Release;
		};
		EE614144259B9D950021CDE3 /* Debug */ = {
			isa = XCBuildConfiguration;
			buildSettings = {
				ALWAYS_EMBED_SWIFT_STANDARD_LIBRARIES = YES;
				BUNDLE_LOADER = "$(TEST_HOST)";
				CODE_SIGN_STYLE = Automatic;
				DEVELOPMENT_TEAM = R7G2ZY32W4;
				INFOPLIST_FILE = Dictionary01Tests/Info.plist;
				IPHONEOS_DEPLOYMENT_TARGET = 14.3;
				LD_RUNPATH_SEARCH_PATHS = (
					"$(inherited)",
					"@executable_path/Frameworks",
					"@loader_path/Frameworks",
				);
				PRODUCT_BUNDLE_IDENTIFIER = com.khb.Dictionary01Tests;
				PRODUCT_NAME = "$(TARGET_NAME)";
				SWIFT_VERSION = 5.0;
				TARGETED_DEVICE_FAMILY = "1,2";
				TEST_HOST = "$(BUILT_PRODUCTS_DIR)/Dictionary01.app/Dictionary01";
			};
			name = Debug;
		};
		EE614145259B9D950021CDE3 /* Release */ = {
			isa = XCBuildConfiguration;
			buildSettings = {
				ALWAYS_EMBED_SWIFT_STANDARD_LIBRARIES = YES;
				BUNDLE_LOADER = "$(TEST_HOST)";
				CODE_SIGN_STYLE = Automatic;
				DEVELOPMENT_TEAM = R7G2ZY32W4;
				INFOPLIST_FILE = Dictionary01Tests/Info.plist;
				IPHONEOS_DEPLOYMENT_TARGET = 14.3;
				LD_RUNPATH_SEARCH_PATHS = (
					"$(inherited)",
					"@executable_path/Frameworks",
					"@loader_path/Frameworks",
				);
				PRODUCT_BUNDLE_IDENTIFIER = com.khb.Dictionary01Tests;
				PRODUCT_NAME = "$(TARGET_NAME)";
				SWIFT_VERSION = 5.0;
				TARGETED_DEVICE_FAMILY = "1,2";
				TEST_HOST = "$(BUILT_PRODUCTS_DIR)/Dictionary01.app/Dictionary01";
			};
			name = Release;
		};
		EE614147259B9D950021CDE3 /* Debug */ = {
			isa = XCBuildConfiguration;
			buildSettings = {
				ALWAYS_EMBED_SWIFT_STANDARD_LIBRARIES = YES;
				CODE_SIGN_STYLE = Automatic;
				DEVELOPMENT_TEAM = R7G2ZY32W4;
				INFOPLIST_FILE = Dictionary01UITests/Info.plist;
				LD_RUNPATH_SEARCH_PATHS = (
					"$(inherited)",
					"@executable_path/Frameworks",
					"@loader_path/Frameworks",
				);
				PRODUCT_BUNDLE_IDENTIFIER = com.khb.Dictionary01UITests;
				PRODUCT_NAME = "$(TARGET_NAME)";
				SWIFT_VERSION = 5.0;
				TARGETED_DEVICE_FAMILY = "1,2";
				TEST_TARGET_NAME = Dictionary01;
			};
			name = Debug;
		};
		EE614148259B9D950021CDE3 /* Release */ = {
			isa = XCBuildConfiguration;
			buildSettings = {
				ALWAYS_EMBED_SWIFT_STANDARD_LIBRARIES = YES;
				CODE_SIGN_STYLE = Automatic;
				DEVELOPMENT_TEAM = R7G2ZY32W4;
				INFOPLIST_FILE = Dictionary01UITests/Info.plist;
				LD_RUNPATH_SEARCH_PATHS = (
					"$(inherited)",
					"@executable_path/Frameworks",
					"@loader_path/Frameworks",
				);
				PRODUCT_BUNDLE_IDENTIFIER = com.khb.Dictionary01UITests;
				PRODUCT_NAME = "$(TARGET_NAME)";
				SWIFT_VERSION = 5.0;
				TARGETED_DEVICE_FAMILY = "1,2";
				TEST_TARGET_NAME = Dictionary01;
			};
			name = Release;
		};
/* End XCBuildConfiguration section */

/* Begin XCConfigurationList section */
		EE614111259B9D920021CDE3 /* Build configuration list for PBXProject "Dictionary01" */ = {
			isa = XCConfigurationList;
			buildConfigurations = (
				EE61413E259B9D950021CDE3 /* Debug */,
				EE61413F259B9D950021CDE3 /* Release */,
			);
			defaultConfigurationIsVisible = 0;
			defaultConfigurationName = Release;
		};
		EE614140259B9D950021CDE3 /* Build configuration list for PBXNativeTarget "Dictionary01" */ = {
			isa = XCConfigurationList;
			buildConfigurations = (
				EE614141259B9D950021CDE3 /* Debug */,
				EE614142259B9D950021CDE3 /* Release */,
			);
			defaultConfigurationIsVisible = 0;
			defaultConfigurationName = Release;
		};
		EE614143259B9D950021CDE3 /* Build configuration list for PBXNativeTarget "Dictionary01Tests" */ = {
			isa = XCConfigurationList;
			buildConfigurations = (
				EE614144259B9D950021CDE3 /* Debug */,
				EE614145259B9D950021CDE3 /* Release */,
			);
			defaultConfigurationIsVisible = 0;
			defaultConfigurationName = Release;
		};
		EE614146259B9D950021CDE3 /* Build configuration list for PBXNativeTarget "Dictionary01UITests" */ = {
			isa = XCConfigurationList;
			buildConfigurations = (
				EE614147259B9D950021CDE3 /* Debug */,
				EE614148259B9D950021CDE3 /* Release */,
			);
			defaultConfigurationIsVisible = 0;
			defaultConfigurationName = Release;
		};
/* End XCConfigurationList section */
	};
	rootObject = EE61410E259B9D920021CDE3 /* Project object */;
}
